{
    "_meta": {
        "hash": {
            "sha256": "3e9902f7d250ea8329901dba3e4c631045455bffb5e4f12df1cd17ddc0910fc5"
        },
        "pipfile-spec": 6,
        "requires": {
            "python_version": "3.7"
        },
        "sources": [
            {
                "name": "pypi",
                "url": "https://pypi.org/simple",
                "verify_ssl": true
            }
        ]
    },
    "default": {
        "certifi": {
            "hashes": [
                "sha256:35824b4c3a97115964b408844d64aa14db1cc518f6562e8d7261699d1350a9e3",
                "sha256:4ad3232f5e926d6718ec31cfc1fcadfde020920e278684144551c91769c7bc18"
            ],
            "index": "pypi",
            "version": "==2022.12.7"
        },
        "cloudpickle": {
            "hashes": [
                "sha256:3f4219469c55453cfe4737e564b67c2a149109dabf7f242478948b895f61106f",
                "sha256:7428798d5926d8fcbfd092d18d01a2a03daf8237d8fcdc8095d256b8490796f0"
            ],
            "markers": "python_version >= '3.6'",
            "version": "==2.2.0"
        },
        "ffmpeg-python": {
            "hashes": [
                "sha256:2f621af3b2e76ed7bf481cc076429802f206c437eb109274dc8b06476bc6c063",
                "sha256:4003b6c57d357dd135376a8581022f37715e73d9c60878476ba9b765ecc6da11",
                "sha256:e160d0fb481e74614f257812da9c53d1188a57e3ee18e6f2852916b5cb1b4901"
            ],
            "index": "pypi",
            "version": "==0.1.17"
        },
        "future": {
            "hashes": [
                "sha256:b1bead90b70cf6ec3f0710ae53a525360fa360d306a86583adc6bf83a4db537d"
            ],
            "markers": "python_version >= '2.6' and python_version not in '3.0, 3.1, 3.2, 3.3'",
            "version": "==0.18.2"
        },
        "gym": {
            "hashes": [
                "sha256:e0d882f4b54f0c65f203104c24ab8a38b039f1289986803c7d02cdbe214fbcc4"
            ],
            "markers": "python_version >= '3.6'",
            "version": "==0.26.2"
        },
        "gym-notices": {
            "hashes": [
                "sha256:ad25e200487cafa369728625fe064e88ada1346618526102659b4640f2b4b911",
                "sha256:e5f82e00823a166747b4c2a07de63b6560b1acb880638547e0cabf825a01e463"
            ],
            "version": "==0.0.8"
        },
        "gym-retro": {
            "hashes": [
                "sha256:0dd0aef364213c35fd8425049168cc1bd7081729276f219e0cad8cda46ea51bb",
                "sha256:44ca608e048b58cea81912569a0a24879a2c439c4749792b8fd0e19954c84f1c",
                "sha256:49ff43a9e409e13ee311c950d7fb373e3763ea56d9167177024d4f152c16fe6e",
                "sha256:6b08b36ee684e653f4c3bf5f407838210542a232549908f9ae1948035a19d453",
                "sha256:88dcdbe41704d390fb37672f78103f1162624bf715198cf5002d56e084fca417",
                "sha256:8ba0ae9340ad310aa7d5fb2de1e9bd90e2fc7bdd327a1d2dcd582f9be539d40a",
                "sha256:a29be22d6e710e17734179be893498917ad7e9cef2f2642d7b2e4df83260af85",
                "sha256:a444a6d66213c680d9663989d14886bf6c461eb1665ac5dae4dcd08e7e7ab32e",
                "sha256:b2b36176b018ff277f16adac9798a5eafc82948c362dad0b2e4997b62fe065a4",
                "sha256:e9c84c95ac90c0288cb03f07fb5866e7bb76aa298ead0d7aaac9667d4eb80697"
            ],
            "index": "pypi",
            "version": "==0.6.0"
        },
        "importlib-metadata": {
            "hashes": [
                "sha256:d5059f9f1e8e41f80e9c56c2ee58811450c31984dfa625329ffd7c0dad88a73b",
                "sha256:d84d17e21670ec07990e1044a99efe8d615d860fd176fc29ef5c306068fda313"
            ],
            "markers": "python_version < '3.10'",
            "version": "==5.1.0"
        },
        "numpy": {
            "hashes": [
                "sha256:1dbe1c91269f880e364526649a52eff93ac30035507ae980d2fed33aaee633ac",
                "sha256:357768c2e4451ac241465157a3e929b265dfac85d9214074985b1786244f2ef3",
                "sha256:3820724272f9913b597ccd13a467cc492a0da6b05df26ea09e78b171a0bb9da6",
                "sha256:4391bd07606be175aafd267ef9bea87cf1b8210c787666ce82073b05f202add1",
                "sha256:4aa48afdce4660b0076a00d80afa54e8a97cd49f457d68a4342d188a09451c1a",
                "sha256:58459d3bad03343ac4b1b42ed14d571b8743dc80ccbf27444f266729df1d6f5b",
                "sha256:5c3c8def4230e1b959671eb959083661b4a0d2e9af93ee339c7dada6759a9470",
                "sha256:5f30427731561ce75d7048ac254dbe47a2ba576229250fb60f0fb74db96501a1",
                "sha256:643843bcc1c50526b3a71cd2ee561cf0d8773f062c8cbaf9ffac9fdf573f83ab",
                "sha256:67c261d6c0a9981820c3a149d255a76918278a6b03b6a036800359aba1256d46",
                "sha256:67f21981ba2f9d7ba9ade60c9e8cbaa8cf8e9ae51673934480e45cf55e953673",
                "sha256:6aaf96c7f8cebc220cdfc03f1d5a31952f027dda050e5a703a0d1c396075e3e7",
                "sha256:7c4068a8c44014b2d55f3c3f574c376b2494ca9cc73d2f1bd692382b6dffe3db",
                "sha256:7c7e5fa88d9ff656e067876e4736379cc962d185d5cd808014a8a928d529ef4e",
                "sha256:7f5ae4f304257569ef3b948810816bc87c9146e8c446053539947eedeaa32786",
                "sha256:82691fda7c3f77c90e62da69ae60b5ac08e87e775b09813559f8901a88266552",
                "sha256:8737609c3bbdd48e380d463134a35ffad3b22dc56295eff6f79fd85bd0eeeb25",
                "sha256:9f411b2c3f3d76bba0865b35a425157c5dcf54937f82bbeb3d3c180789dd66a6",
                "sha256:a6be4cb0ef3b8c9250c19cc122267263093eee7edd4e3fa75395dfda8c17a8e2",
                "sha256:bcb238c9c96c00d3085b264e5c1a1207672577b93fa666c3b14a45240b14123a",
                "sha256:bf2ec4b75d0e9356edea834d1de42b31fe11f726a81dfb2c2112bc1eaa508fcf",
                "sha256:d136337ae3cc69aa5e447e78d8e1514be8c3ec9b54264e680cf0b4bd9011574f",
                "sha256:d4bf4d43077db55589ffc9009c0ba0a94fa4908b9586d6ccce2e0b164c86303c",
                "sha256:d6a96eef20f639e6a97d23e57dd0c1b1069a7b4fd7027482a4c5c451cd7732f4",
                "sha256:d9caa9d5e682102453d96a0ee10c7241b72859b01a941a397fd965f23b3e016b",
                "sha256:dd1c8f6bd65d07d3810b90d02eba7997e32abbdf1277a481d698969e921a3be0",
                "sha256:e31f0bb5928b793169b87e3d1e070f2342b22d5245c755e2b81caa29756246c3",
                "sha256:ecb55251139706669fdec2ff073c98ef8e9a84473e51e716211b41aa0f18e656",
                "sha256:ee5ec40fdd06d62fe5d4084bef4fd50fd4bb6bfd2bf519365f569dc470163ab0",
                "sha256:f17e562de9edf691a42ddb1eb4a5541c20dd3f9e65b09ded2beb0799c0cf29bb",
                "sha256:fdffbfb6832cd0b300995a2b08b8f6fa9f6e856d562800fea9182316d99c4e8e"
            ],
            "markers": "python_version < '3.11' and python_version >= '3.7'",
            "version": "==1.21.6"
        },
        "typing-extensions": {
            "hashes": [
                "sha256:1511434bb92bf8dd198c12b1cc812e800d4181cfcb867674e0f8279cc93087aa",
                "sha256:16fa4864408f655d35ec496218b85f79b3437c829e93320c7c9215ccfd92489e"
            ],
            "markers": "python_version < '3.8'",
            "version": "==4.4.0"
        },
        "zipp": {
            "hashes": [
                "sha256:83a28fcb75844b5c0cdaf5aa4003c2d728c77e05f5aeabe8e95e56727005fbaa",
                "sha256:a7a22e05929290a67401440b39690ae6563279bced5f314609d9d03798f56766"
            ],
            "markers": "python_version >= '3.7'",
            "version": "==3.11.0"
        }
    },
    "develop": {}
}
